
Microsoft Visual Studio Solution File, Format Version 12.00
# Visual Studio Version 16
VisualStudioVersion = 16.0.34301.259
MinimumVisualStudioVersion = 10.0.40219.1
Project("{FAE04EC0-301F-11D3-BF4B-00C04F79EFBC}") = "Sternzeichen2", "Sternzeichen2\Sternzeichen2.csproj", "{F23FE43F-B408-46ED-B45A-7F91A2945B75}"
EndProject
Global
	GlobalSection(SolutionConfigurationPlatforms) = preSolution
		Debug|Any CPU = Debug|Any CPU
		Release|Any CPU = Release|Any CPU
	EndGlobalSection
	GlobalSection(ProjectConfigurationPlatforms) = postSolution
		{F23FE43F-B408-46ED-B45A-7F91A2945B75}.Debug|Any CPU.ActiveCfg = Debug|Any CPU
		{F23FE43F-B408-46ED-B45A-7F91A2945B75}.Debug|Any CPU.Build.0 = Debug|Any CPU
		{F23FE43F-B408-46ED-B45A-7F91A2945B75}.Release|Any CPU.ActiveCfg = Release|Any CPU
		{F23FE43F-B408-46ED-B45A-7F91A2945B75}.Release|Any CPU.Build.0 = Release|Any CPU
	EndGlobalSection
	GlobalSection(SolutionProperties) = preSolution
		HideSolutionNode = FALSE
	EndGlobalSection
	GlobalSection(ExtensibilityGlobals) = postSolution
		SolutionGuid = {E40808A3-6A08-4AF2-9CA4-3481588D0692}
	EndGlobalSection
EndGlobal
